// !$*UTF8*$!
{
	archiveVersion = 1;
	classes = {
	};
	objectVersion = 50;
	objects = {

/* Begin PBXBuildFile section */
		52E9371422E9D7E7006F5111 /* AppDelegate.swift in Sources */ = {isa = PBXBuildFile; fileRef = 52E9371322E9D7E7006F5111 /* AppDelegate.swift */; };
		52E9371622E9D7E7006F5111 /* ViewController.swift in Sources */ = {isa = PBXBuildFile; fileRef = 52E9371522E9D7E7006F5111 /* ViewController.swift */; };
		52E9371922E9D7E7006F5111 /* Main.storyboard in Resources */ = {isa = PBXBuildFile; fileRef = 52E9371722E9D7E7006F5111 /* Main.storyboard */; };
		52E9371C22E9D7E7006F5111 /* WeatherApp_iOS.xcdatamodeld in Sources */ = {isa = PBXBuildFile; fileRef = 52E9371A22E9D7E7006F5111 /* WeatherApp_iOS.xcdatamodeld */; };
		52E9371E22E9D7E8006F5111 /* Assets.xcassets in Resources */ = {isa = PBXBuildFile; fileRef = 52E9371D22E9D7E8006F5111 /* Assets.xcassets */; };
		52E9372122E9D7E8006F5111 /* LaunchScreen.storyboard in Resources */ = {isa = PBXBuildFile; fileRef = 52E9371F22E9D7E8006F5111 /* LaunchScreen.storyboard */; };
/* End PBXBuildFile section */

/* Begin PBXFileReference section */
		52E9371022E9D7E7006F5111 /* WeatherApp-iOS.app */ = {isa = PBXFileReference; explicitFileType = wrapper.application; includeInIndex = 0; path = "WeatherApp-iOS.app"; sourceTree = BUILT_PRODUCTS_DIR; };
		52E9371322E9D7E7006F5111 /* AppDelegate.swift */ = {isa = PBXFileReference; lastKnownFileType = sourcecode.swift; path = AppDelegate.swift; sourceTree = "<group>"; };
		52E9371522E9D7E7006F5111 /* ViewController.swift */ = {isa = PBXFileReference; lastKnownFileType = sourcecode.swift; path = ViewController.swift; sourceTree = "<group>"; };
		52E9371822E9D7E7006F5111 /* Base */ = {isa = PBXFileReference; lastKnownFileType = file.storyboard; name = Base; path = Base.lproj/Main.storyboard; sourceTree = "<group>"; };
		52E9371B22E9D7E7006F5111 /* WeatherApp_iOS.xcdatamodel */ = {isa = PBXFileReference; lastKnownFileType = wrapper.xcdatamodel; path = WeatherApp_iOS.xcdatamodel; sourceTree = "<group>"; };
		52E9371D22E9D7E8006F5111 /* Assets.xcassets */ = {isa = PBXFileReference; lastKnownFileType = folder.assetcatalog; path = Assets.xcassets; sourceTree = "<group>"; };
		52E9372022E9D7E8006F5111 /* Base */ = {isa = PBXFileReference; lastKnownFileType = file.storyboard; name = Base; path = Base.lproj/LaunchScreen.storyboard; sourceTree = "<group>"; };
		52E9372222E9D7E8006F5111 /* Info.plist */ = {isa = PBXFileReference; lastKnownFileType = text.plist.xml; path = Info.plist; sourceTree = "<group>"; };
/* End PBXFileReference section */

/* Begin PBXFrameworksBuildPhase section */
		52E9370D22E9D7E7006F5111 /* Frameworks */ = {
			isa = PBXFrameworksBuildPhase;
			buildActionMask = 2147483647;
			files = (
			);
			runOnlyForDeploymentPostprocessing = 0;
		};
/* End PBXFrameworksBuildPhase section */

/* Begin PBXGroup section */
		52E9370722E9D7E7006F5111 = {
			isa = PBXGroup;
			children = (
				52E9371222E9D7E7006F5111 /* WeatherApp-iOS */,
				52E9371122E9D7E7006F5111 /* Products */,
			);
			sourceTree = "<group>";
		};
		52E9371122E9D7E7006F5111 /* Products */ = {
			isa = PBXGroup;
			children = (
				52E9371022E9D7E7006F5111 /* WeatherApp-iOS.app */,
			);
			name = Products;
			sourceTree = "<group>";
		};
		52E9371222E9D7E7006F5111 /* WeatherApp-iOS */ = {
			isa = PBXGroup;
			children = (
				52E9371322E9D7E7006F5111 /* AppDelegate.swift */,
				52E9371522E9D7E7006F5111 /* ViewController.swift */,
				52E9371722E9D7E7006F5111 /* Main.storyboard */,
				52E9371D22E9D7E8006F5111 /* Assets.xcassets */,
				52E9371F22E9D7E8006F5111 /* LaunchScreen.storyboard */,
				52E9372222E9D7E8006F5111 /* Info.plist */,
				52E9371A22E9D7E7006F5111 /* WeatherApp_iOS.xcdatamodeld */,
			);
			path = "WeatherApp-iOS";
			sourceTree = "<group>";
		};
/* End PBXGroup section */

/* Begin PBXNativeTarget section */
		52E9370F22E9D7E7006F5111 /* WeatherApp-iOS */ = {
			isa = PBXNativeTarget;
			buildConfigurationList = 52E9372522E9D7E8006F5111 /* Build configuration list for PBXNativeTarget "WeatherApp-iOS" */;
			buildPhases = (
				52E9370C22E9D7E7006F5111 /* Sources */,
				52E9370D22E9D7E7006F5111 /* Frameworks */,
				52E9370E22E9D7E7006F5111 /* Resources */,
			);
			buildRules = (
			);
			dependencies = (
			);
			name = "WeatherApp-iOS";
			productName = "WeatherApp-iOS";
			productReference = 52E9371022E9D7E7006F5111 /* WeatherApp-iOS.app */;
			productType = "com.apple.product-type.application";
		};
/* End PBXNativeTarget section */

/* Begin PBXProject section */
		52E9370822E9D7E7006F5111 /* Project object */ = {
			isa = PBXProject;
			attributes = {
				LastSwiftUpdateCheck = 1010;
				LastUpgradeCheck = 1010;
				ORGANIZATIONNAME = MacBookPro;
				TargetAttributes = {
					52E9370F22E9D7E7006F5111 = {
						CreatedOnToolsVersion = 10.1;
					};
				};
			};
			buildConfigurationList = 52E9370B22E9D7E7006F5111 /* Build configuration list for PBXProject "WeatherApp-iOS" */;
			compatibilityVersion = "Xcode 9.3";
			developmentRegion = en;
			hasScannedForEncodings = 0;
			knownRegions = (
				en,
				Base,
			);
			mainGroup = 52E9370722E9D7E7006F5111;
			productRefGroup = 52E9371122E9D7E7006F5111 /* Products */;
			projectDirPath = "";
			projectRoot = "";
			targets = (
				52E9370F22E9D7E7006F5111 /* WeatherApp-iOS */,
			);
		};
/* End PBXProject section */

/* Begin PBXResourcesBuildPhase section */
		52E9370E22E9D7E7006F5111 /* Resources */ = {
			isa = PBXResourcesBuildPhase;
			buildActionMask = 2147483647;
			files = (
				52E9372122E9D7E8006F5111 /* LaunchScreen.storyboard in Resources */,
				52E9371E22E9D7E8006F5111 /* Assets.xcassets in Resources */,
				52E9371922E9D7E7006F5111 /* Main.storyboard in Resources */,
			);
			runOnlyForDeploymentPostprocessing = 0;
		};
/* End PBXResourcesBuildPhase section */

/* Begin PBXSourcesBuildPhase section */
		52E9370C22E9D7E7006F5111 /* Sources */ = {
			isa = PBXSourcesBuildPhase;
			buildActionMask = 2147483647;
			files = (
				52E9371622E9D7E7006F5111 /* ViewController.swift in Sources */,
				52E9371C22E9D7E7006F5111 /* WeatherApp_iOS.xcdatamodeld in Sources */,
				52E9371422E9D7E7006F5111 /* AppDelegate.swift in Sources */,
			);
			runOnlyForDeploymentPostprocessing = 0;
		};
/* End PBXSourcesBuildPhase section */

/* Begin PBXVariantGroup section */
		52E9371722E9D7E7006F5111 /* Main.storyboard */ = {
			isa = PBXVariantGroup;
			children = (
				52E9371822E9D7E7006F5111 /* Base */,
			);
			name = Main.storyboard;
			sourceTree = "<group>";
		};
		52E9371F22E9D7E8006F5111 /* LaunchScreen.storyboard */ = {
			isa = PBXVariantGroup;
			children = (
				52E9372022E9D7E8006F5111 /* Base */,
			);
			name = LaunchScreen.storyboard;
			sourceTree = "<group>";
		};
/* End PBXVariantGroup section */

/* Begin XCBuildConfiguration section */
		52E9372322E9D7E8006F5111 /* Debug */ = {
			isa = XCBuildConfiguration;
			buildSettings = {
				ALWAYS_SEARCH_USER_PATHS = NO;
				CLANG_ANALYZER_NONNULL = YES;
				CLANG_ANALYZER_NUMBER_OBJECT_CONVERSION = YES_AGGRESSIVE;
				CLANG_CXX_LANGUAGE_STANDARD = "gnu++14";
				CLANG_CXX_LIBRARY = "libc++";
				CLANG_ENABLE_MODULES = YES;
				CLANG_ENABLE_OBJC_ARC = YES;
				CLANG_ENABLE_OBJC_WEAK = YES;
				CLANG_WARN_BLOCK_CAPTURE_AUTORELEASING = YES;
				CLANG_WARN_BOOL_CONVERSION = YES;
				CLANG_WARN_COMMA = YES;
				CLANG_WARN_CONSTANT_CONVERSION = YES;
				CLANG_WARN_DEPRECATED_OBJC_IMPLEMENTATIONS = YES;
				CLANG_WARN_DIRECT_OBJC_ISA_USAGE = YES_ERROR;
				CLANG_WARN_DOCUMENTATION_COMMENTS = YES;
				CLANG_WARN_EMPTY_BODY = YES;
				CLANG_WARN_ENUM_CONVERSION = YES;
				CLANG_WARN_INFINITE_RECURSION = YES;
				CLANG_WARN_INT_CONVERSION = YES;
				CLANG_WARN_NON_LITERAL_NULL_CONVERSION = YES;
				CLANG_WARN_OBJC_IMPLICIT_RETAIN_SELF = YES;
				CLANG_WARN_OBJC_LITERAL_CONVERSION = YES;
				CLANG_WARN_OBJC_ROOT_CLASS = YES_ERROR;
				CLANG_WARN_RANGE_LOOP_ANALYSIS = YES;
				CLANG_WARN_STRICT_PROTOTYPES = YES;
				CLANG_WARN_SUSPICIOUS_MOVE = YES;
				CLANG_WARN_UNGUARDED_AVAILABILITY = YES_AGGRESSIVE;
				CLANG_WARN_UNREACHABLE_CODE = YES;
				CLANG_WARN__DUPLICATE_METHOD_MATCH = YES;
				CODE_SIGN_IDENTITY = "iPhone Developer";
				COPY_PHASE_STRIP = NO;
				DEBUG_INFORMATION_FORMAT = dwarf;
				ENABLE_STRICT_OBJC_MSGSEND = YES;
				ENABLE_TESTABILITY = YES;
				GCC_C_LANGUAGE_STANDARD = gnu11;
				GCC_DYNAMIC_NO_PIC = NO;
				GCC_NO_COMMON_BLOCKS = YES;
				GCC_OPTIMIZATION_LEVEL = 0;
				GCC_PREPROCESSOR_DEFINITIONS = (
					"DEBUG=1",
					"$(inherited)",
				);
				GCC_WARN_64_TO_32_BIT_CONVERSION = YES;
				GCC_WARN_ABOUT_RETURN_TYPE = YES_ERROR;
				GCC_WARN_UNDECLARED_SELECTOR = YES;
				GCC_WARN_UNINITIALIZED_AUTOS = YES_AGGRESSIVE;
				GCC_WARN_UNUSED_FUNCTION = YES;
				GCC_WARN_UNUSED_VARIABLE = YES;
				IPHONEOS_DEPLOYMENT_TARGET = 12.1;
				MTL_ENABLE_DEBUG_INFO = INCLUDE_SOURCE;
				MTL_FAST_MATH = YES;
				ONLY_ACTIVE_ARCH = YES;
				SDKROOT = iphoneos;
				SWIFT_ACTIVE_COMPILATION_CONDITIONS = DEBUG;
				SWIFT_OPTIMIZATION_LEVEL = "-Onone";
			};
			name = Debug;
		};
		52E9372422E9D7E8006F5111 /* Release */ = {
			isa = XCBuildConfiguration;
			buildSettings = {
				ALWAYS_SEARCH_USER_PATHS = NO;
				CLANG_ANALYZER_NONNULL = YES;
				CLANG_ANALYZER_NUMBER_OBJECT_CONVERSION = YES_AGGRESSIVE;
				CLANG_CXX_LANGUAGE_STANDARD = "gnu++14";
				CLANG_CXX_LIBRARY = "libc++";
				CLANG_ENABLE_MODULES = YES;
				CLANG_ENABLE_OBJC_ARC = YES;
				CLANG_ENABLE_OBJC_WEAK = YES;
				CLANG_WARN_BLOCK_CAPTURE_AUTORELEASING = YES;
				CLANG_WARN_BOOL_CONVERSION = YES;
				CLANG_WARN_COMMA = YES;
				CLANG_WARN_CONSTANT_CONVERSION = YES;
				CLANG_WARN_DEPRECATED_OBJC_IMPLEMENTATIONS = YES;
				CLANG_WARN_DIRECT_OBJC_ISA_USAGE = YES_ERROR;
				CLANG_WARN_DOCUMENTATION_COMMENTS = YES;
				CLANG_WARN_EMPTY_BODY = YES;
				CLANG_WARN_ENUM_CONVERSION = YES;
				CLANG_WARN_INFINITE_RECURSION = YES;
				CLANG_WARN_INT_CONVERSION = YES;
				CLANG_WARN_NON_LITERAL_NULL_CONVERSION = YES;
				CLANG_WARN_OBJC_IMPLICIT_RETAIN_SELF = YES;
				CLANG_WARN_OBJC_LITERAL_CONVERSION = YES;
				CLANG_WARN_OBJC_ROOT_CLASS = YES_ERROR;
				CLANG_WARN_RANGE_LOOP_ANALYSIS = YES;
				CLANG_WARN_STRICT_PROTOTYPES = YES;
				CLANG_WARN_SUSPICIOUS_MOVE = YES;
				CLANG_WARN_UNGUARDED_AVAILABILITY = YES_AGGRESSIVE;
				CLANG_WARN_UNREACHABLE_CODE = YES;
				CLANG_WARN__DUPLICATE_METHOD_MATCH = YES;
				CODE_SIGN_IDENTITY = "iPhone Developer";
				COPY_PHASE_STRIP = NO;
				DEBUG_INFORMATION_FORMAT = "dwarf-with-dsym";
				ENABLE_NS_ASSERTIONS = NO;
				ENABLE_STRICT_OBJC_MSGSEND = YES;
				GCC_C_LANGUAGE_STANDARD = gnu11;
				GCC_NO_COMMON_BLOCKS = YES;
				GCC_WARN_64_TO_32_BIT_CONVERSION = YES;
				GCC_WARN_ABOUT_RETURN_TYPE = YES_ERROR;
				GCC_WARN_UNDECLARED_SELECTOR = YES;
				GCC_WARN_UNINITIALIZED_AUTOS = YES_AGGRESSIVE;
				GCC_WARN_UNUSED_FUNCTION = YES;
				GCC_WARN_UNUSED_VARIABLE = YES;
				IPHONEOS_DEPLOYMENT_TARGET = 12.1;
				MTL_ENABLE_DEBUG_INFO = NO;
				MTL_FAST_MATH = YES;
				SDKROOT = iphoneos;
				SWIFT_COMPILATION_MODE = wholemodule;
				SWIFT_OPTIMIZATION_LEVEL = "-O";
				VALIDATE_PRODUCT = YES;
			};
			name = Release;
		};
		52E9372622E9D7E8006F5111 /* Debug */ = {
			isa = XCBuildConfiguration;
			buildSettings = {
				ASSETCATALOG_COMPILER_APPICON_NAME = AppIcon;
				CODE_SIGN_STYLE = Automatic;
				INFOPLIST_FILE = "WeatherApp-iOS/Info.plist";
				LD_RUNPATH_SEARCH_PATHS = (
					"$(inherited)",
					"@executable_path/Frameworks",
				);
				PRODUCT_BUNDLE_IDENTIFIER = "T.WeatherApp-iOS";
				PRODUCT_NAME = "$(TARGET_NAME)";
				SWIFT_VERSION = 4.2;
				TARGETED_DEVICE_FAMILY = "1,2";
			};
			name = Debug;
		};
		52E9372722E9D7E8006F5111 /* Release */ = {
			isa = XCBuildConfiguration;
			buildSettings = {
				ASSETCATALOG_COMPILER_APPICON_NAME = AppIcon;
				CODE_SIGN_STYLE = Automatic;
				INFOPLIST_FILE = "WeatherApp-iOS/Info.plist";
				LD_RUNPATH_SEARCH_PATHS = (
					"$(inherited)",
					"@executable_path/Frameworks",
				);
				PRODUCT_BUNDLE_IDENTIFIER = "T.WeatherApp-iOS";
				PRODUCT_NAME = "$(TARGET_NAME)";
				SWIFT_VERSION = 4.2;
				TARGETED_DEVICE_FAMILY = "1,2";
			};
			name = Release;
		};
/* End XCBuildConfiguration section */

/* Begin XCConfigurationList section */
		52E9370B22E9D7E7006F5111 /* Build configuration list for PBXProject "WeatherApp-iOS" */ = {
			isa = XCConfigurationList;
			buildConfigurations = (
				52E9372322E9D7E8006F5111 /* Debug */,
				52E9372422E9D7E8006F5111 /* Release */,
			);
			defaultConfigurationIsVisible = 0;
			defaultConfigurationName = Release;
		};
		52E9372522E9D7E8006F5111 /* Build configuration list for PBXNativeTarget "WeatherApp-iOS" */ = {
			isa = XCConfigurationList;
			buildConfigurations = (
				52E9372622E9D7E8006F5111 /* Debug */,
				52E9372722E9D7E8006F5111 /* Release */,
			);
			defaultConfigurationIsVisible = 0;
			defaultConfigurationName = Release;
		};
/* End XCConfigurationList section */

/* Begin XCVersionGroup section */
		52E9371A22E9D7E7006F5111 /* WeatherApp_iOS.xcdatamodeld */ = {
			isa = XCVersionGroup;
			children = (
				52E9371B22E9D7E7006F5111 /* WeatherApp_iOS.xcdatamodel */,
			);
			currentVersion = 52E9371B22E9D7E7006F5111 /* WeatherApp_iOS.xcdatamodel */;
			path = WeatherApp_iOS.xcdatamodeld;
			sourceTree = "<group>";
			versionGroupType = wrapper.xcdatamodel;
		};
/* End XCVersionGroup section */
	};
	rootObject = 52E9370822E9D7E7006F5111 /* Project object */;
}
